// !$*UTF8*$!
{
	archiveVersion = 1;
	classes = {
	};
	objectVersion = 46;
	objects = {

/* Begin PBXBuildFile section */
		28D7A0DC1AA817F6007894F2 /* AppDelegate.swift in Sources */ = {isa = PBXBuildFile; fileRef = 28D7A0DB1AA817F6007894F2 /* AppDelegate.swift */; };
		28D7A0DE1AA817F6007894F2 /* ViewController.swift in Sources */ = {isa = PBXBuildFile; fileRef = 28D7A0DD1AA817F6007894F2 /* ViewController.swift */; };
		28D7A0E11AA817F6007894F2 /* Main.storyboard in Resources */ = {isa = PBXBuildFile; fileRef = 28D7A0DF1AA817F6007894F2 /* Main.storyboard */; };
		28D7A0E31AA817F6007894F2 /* Images.xcassets in Resources */ = {isa = PBXBuildFile; fileRef = 28D7A0E21AA817F6007894F2 /* Images.xcassets */; };
		28D7A0E61AA817F6007894F2 /* LaunchScreen.xib in Resources */ = {isa = PBXBuildFile; fileRef = 28D7A0E41AA817F6007894F2 /* LaunchScreen.xib */; };
		28D7A0F21AA817F6007894F2 /* tumblrVuTests.swift in Sources */ = {isa = PBXBuildFile; fileRef = 28D7A0F11AA817F6007894F2 /* tumblrVuTests.swift */; };
/* End PBXBuildFile section */

/* Begin PBXContainerItemProxy section */
		28D7A0EC1AA817F6007894F2 /* PBXContainerItemProxy */ = {
			isa = PBXContainerItemProxy;
			containerPortal = 28D7A0CE1AA817F6007894F2 /* Project object */;
			proxyType = 1;
			remoteGlobalIDString = 28D7A0D51AA817F6007894F2;
			remoteInfo = tumblrVu;
		};
/* End PBXContainerItemProxy section */

/* Begin PBXFileReference section */
		28D7A0D61AA817F6007894F2 /* tumblrVu.app */ = {isa = PBXFileReference; explicitFileType = wrapper.application; includeInIndex = 0; path = tumblrVu.app; sourceTree = BUILT_PRODUCTS_DIR; };
		28D7A0DA1AA817F6007894F2 /* Info.plist */ = {isa = PBXFileReference; lastKnownFileType = text.plist.xml; path = Info.plist; sourceTree = "<group>"; };
		28D7A0DB1AA817F6007894F2 /* AppDelegate.swift */ = {isa = PBXFileReference; lastKnownFileType = sourcecode.swift; path = AppDelegate.swift; sourceTree = "<group>"; };
		28D7A0DD1AA817F6007894F2 /* ViewController.swift */ = {isa = PBXFileReference; lastKnownFileType = sourcecode.swift; path = ViewController.swift; sourceTree = "<group>"; };
		28D7A0E01AA817F6007894F2 /* Base */ = {isa = PBXFileReference; lastKnownFileType = file.storyboard; name = Base; path = Base.lproj/Main.storyboard; sourceTree = "<group>"; };
		28D7A0E21AA817F6007894F2 /* Images.xcassets */ = {isa = PBXFileReference; lastKnownFileType = folder.assetcatalog; path = Images.xcassets; sourceTree = "<group>"; };
		28D7A0E51AA817F6007894F2 /* Base */ = {isa = PBXFileReference; lastKnownFileType = file.xib; name = Base; path = Base.lproj/LaunchScreen.xib; sourceTree = "<group>"; };
		28D7A0EB1AA817F6007894F2 /* tumblrVuTests.xctest */ = {isa = PBXFileReference; explicitFileType = wrapper.cfbundle; includeInIndex = 0; path = tumblrVuTests.xctest; sourceTree = BUILT_PRODUCTS_DIR; };
		28D7A0F01AA817F6007894F2 /* Info.plist */ = {isa = PBXFileReference; lastKnownFileType = text.plist.xml; path = Info.plist; sourceTree = "<group>"; };
		28D7A0F11AA817F6007894F2 /* tumblrVuTests.swift */ = {isa = PBXFileReference; lastKnownFileType = sourcecode.swift; path = tumblrVuTests.swift; sourceTree = "<group>"; };
/* End PBXFileReference section */

/* Begin PBXFrameworksBuildPhase section */
		28D7A0D31AA817F6007894F2 /* Frameworks */ = {
			isa = PBXFrameworksBuildPhase;
			buildActionMask = 2147483647;
			files = (
			);
			runOnlyForDeploymentPostprocessing = 0;
		};
		28D7A0E81AA817F6007894F2 /* Frameworks */ = {
			isa = PBXFrameworksBuildPhase;
			buildActionMask = 2147483647;
			files = (
			);
			runOnlyForDeploymentPostprocessing = 0;
		};
/* End PBXFrameworksBuildPhase section */

/* Begin PBXGroup section */
		28D7A0CD1AA817F6007894F2 = {
			isa = PBXGroup;
			children = (
				28D7A0D81AA817F6007894F2 /* tumblrVu */,
				28D7A0EE1AA817F6007894F2 /* tumblrVuTests */,
				28D7A0D71AA817F6007894F2 /* Products */,
			);
			sourceTree = "<group>";
		};
		28D7A0D71AA817F6007894F2 /* Products */ = {
			isa = PBXGroup;
			children = (
				28D7A0D61AA817F6007894F2 /* tumblrVu.app */,
				28D7A0EB1AA817F6007894F2 /* tumblrVuTests.xctest */,
			);
			name = Products;
			sourceTree = "<group>";
		};
		28D7A0D81AA817F6007894F2 /* tumblrVu */ = {
			isa = PBXGroup;
			children = (
				28D7A0DB1AA817F6007894F2 /* AppDelegate.swift */,
				28D7A0DD1AA817F6007894F2 /* ViewController.swift */,
				28D7A0DF1AA817F6007894F2 /* Main.storyboard */,
				28D7A0E21AA817F6007894F2 /* Images.xcassets */,
				28D7A0E41AA817F6007894F2 /* LaunchScreen.xib */,
				28D7A0D91AA817F6007894F2 /* Supporting Files */,
			);
			path = tumblrVu;
			sourceTree = "<group>";
		};
		28D7A0D91AA817F6007894F2 /* Supporting Files */ = {
			isa = PBXGroup;
			children = (
				28D7A0DA1AA817F6007894F2 /* Info.plist */,
			);
			name = "Supporting Files";
			sourceTree = "<group>";
		};
		28D7A0EE1AA817F6007894F2 /* tumblrVuTests */ = {
			isa = PBXGroup;
			children = (
				28D7A0F11AA817F6007894F2 /* tumblrVuTests.swift */,
				28D7A0EF1AA817F6007894F2 /* Supporting Files */,
			);
			path = tumblrVuTests;
			sourceTree = "<group>";
		};
		28D7A0EF1AA817F6007894F2 /* Supporting Files */ = {
			isa = PBXGroup;
			children = (
				28D7A0F01AA817F6007894F2 /* Info.plist */,
			);
			name = "Supporting Files";
			sourceTree = "<group>";
		};
/* End PBXGroup section */

/* Begin PBXNativeTarget section */
		28D7A0D51AA817F6007894F2 /* tumblrVu */ = {
			isa = PBXNativeTarget;
			buildConfigurationList = 28D7A0F51AA817F6007894F2 /* Build configuration list for PBXNativeTarget "tumblrVu" */;
			buildPhases = (
				28D7A0D21AA817F6007894F2 /* Sources */,
				28D7A0D31AA817F6007894F2 /* Frameworks */,
				28D7A0D41AA817F6007894F2 /* Resources */,
			);
			buildRules = (
			);
			dependencies = (
			);
			name = tumblrVu;
			productName = tumblrVu;
			productReference = 28D7A0D61AA817F6007894F2 /* tumblrVu.app */;
			productType = "com.apple.product-type.application";
		};
		28D7A0EA1AA817F6007894F2 /* tumblrVuTests */ = {
			isa = PBXNativeTarget;
			buildConfigurationList = 28D7A0F81AA817F6007894F2 /* Build configuration list for PBXNativeTarget "tumblrVuTests" */;
			buildPhases = (
				28D7A0E71AA817F6007894F2 /* Sources */,
				28D7A0E81AA817F6007894F2 /* Frameworks */,
				28D7A0E91AA817F6007894F2 /* Resources */,
			);
			buildRules = (
			);
			dependencies = (
				28D7A0ED1AA817F6007894F2 /* PBXTargetDependency */,
			);
			name = tumblrVuTests;
			productName = tumblrVuTests;
			productReference = 28D7A0EB1AA817F6007894F2 /* tumblrVuTests.xctest */;
			productType = "com.apple.product-type.bundle.unit-test";
		};
/* End PBXNativeTarget section */

/* Begin PBXProject section */
		28D7A0CE1AA817F6007894F2 /* Project object */ = {
			isa = PBXProject;
			attributes = {
				LastUpgradeCheck = 0610;
				ORGANIZATIONNAME = "Vuhuan Pham";
				TargetAttributes = {
					28D7A0D51AA817F6007894F2 = {
						CreatedOnToolsVersion = 6.1.1;
					};
					28D7A0EA1AA817F6007894F2 = {
						CreatedOnToolsVersion = 6.1.1;
						TestTargetID = 28D7A0D51AA817F6007894F2;
					};
				};
			};
			buildConfigurationList = 28D7A0D11AA817F6007894F2 /* Build configuration list for PBXProject "tumblrVu" */;
			compatibilityVersion = "Xcode 3.2";
			developmentRegion = English;
			hasScannedForEncodings = 0;
			knownRegions = (
				en,
				Base,
			);
			mainGroup = 28D7A0CD1AA817F6007894F2;
			productRefGroup = 28D7A0D71AA817F6007894F2 /* Products */;
			projectDirPath = "";
			projectRoot = "";
			targets = (
				28D7A0D51AA817F6007894F2 /* tumblrVu */,
				28D7A0EA1AA817F6007894F2 /* tumblrVuTests */,
			);
		};
/* End PBXProject section */

/* Begin PBXResourcesBuildPhase section */
		28D7A0D41AA817F6007894F2 /* Resources */ = {
			isa = PBXResourcesBuildPhase;
			buildActionMask = 2147483647;
			files = (
				28D7A0E11AA817F6007894F2 /* Main.storyboard in Resources */,
				28D7A0E61AA817F6007894F2 /* LaunchScreen.xib in Resources */,
				28D7A0E31AA817F6007894F2 /* Images.xcassets in Resources */,
			);
			runOnlyForDeploymentPostprocessing = 0;
		};
		28D7A0E91AA817F6007894F2 /* Resources */ = {
			isa = PBXResourcesBuildPhase;
			buildActionMask = 2147483647;
			files = (
			);
			runOnlyForDeploymentPostprocessing = 0;
		};
/* End PBXResourcesBuildPhase section */

/* Begin PBXSourcesBuildPhase section */
		28D7A0D21AA817F6007894F2 /* Sources */ = {
			isa = PBXSourcesBuildPhase;
			buildActionMask = 2147483647;
			files = (
				28D7A0DE1AA817F6007894F2 /* ViewController.swift in Sources */,
				28D7A0DC1AA817F6007894F2 /* AppDelegate.swift in Sources */,
			);
			runOnlyForDeploymentPostprocessing = 0;
		};
		28D7A0E71AA817F6007894F2 /* Sources */ = {
			isa = PBXSourcesBuildPhase;
			buildActionMask = 2147483647;
			files = (
				28D7A0F21AA817F6007894F2 /* tumblrVuTests.swift in Sources */,
			);
			runOnlyForDeploymentPostprocessing = 0;
		};
/* End PBXSourcesBuildPhase section */

/* Begin PBXTargetDependency section */
		28D7A0ED1AA817F6007894F2 /* PBXTargetDependency */ = {
			isa = PBXTargetDependency;
			target = 28D7A0D51AA817F6007894F2 /* tumblrVu */;
			targetProxy = 28D7A0EC1AA817F6007894F2 /* PBXContainerItemProxy */;
		};
/* End PBXTargetDependency section */

/* Begin PBXVariantGroup section */
		28D7A0DF1AA817F6007894F2 /* Main.storyboard */ = {
			isa = PBXVariantGroup;
			children = (
				28D7A0E01AA817F6007894F2 /* Base */,
			);
			name = Main.storyboard;
			sourceTree = "<group>";
		};
		28D7A0E41AA817F6007894F2 /* LaunchScreen.xib */ = {
			isa = PBXVariantGroup;
			children = (
				28D7A0E51AA817F6007894F2 /* Base */,
			);
			name = LaunchScreen.xib;
			sourceTree = "<group>";
		};
/* End PBXVariantGroup section */

/* Begin XCBuildConfiguration section */
		28D7A0F31AA817F6007894F2 /* Debug */ = {
			isa = XCBuildConfiguration;
			buildSettings = {
				ALWAYS_SEARCH_USER_PATHS = NO;
				CLANG_CXX_LANGUAGE_STANDARD = "gnu++0x";
				CLANG_CXX_LIBRARY = "libc++";
				CLANG_ENABLE_MODULES = YES;
				CLANG_ENABLE_OBJC_ARC = YES;
				CLANG_WARN_BOOL_CONVERSION = YES;
				CLANG_WARN_CONSTANT_CONVERSION = YES;
				CLANG_WARN_DIRECT_OBJC_ISA_USAGE = YES_ERROR;
				CLANG_WARN_EMPTY_BODY = YES;
				CLANG_WARN_ENUM_CONVERSION = YES;
				CLANG_WARN_INT_CONVERSION = YES;
				CLANG_WARN_OBJC_ROOT_CLASS = YES_ERROR;
				CLANG_WARN_UNREACHABLE_CODE = YES;
				CLANG_WARN__DUPLICATE_METHOD_MATCH = YES;
				"CODE_SIGN_IDENTITY[sdk=iphoneos*]" = "iPhone Developer";
				COPY_PHASE_STRIP = NO;
				ENABLE_STRICT_OBJC_MSGSEND = YES;
				GCC_C_LANGUAGE_STANDARD = gnu99;
				GCC_DYNAMIC_NO_PIC = NO;
				GCC_OPTIMIZATION_LEVEL = 0;
				GCC_PREPROCESSOR_DEFINITIONS = (
					"DEBUG=1",
					"$(inherited)",
				);
				GCC_SYMBOLS_PRIVATE_EXTERN = NO;
				GCC_WARN_64_TO_32_BIT_CONVERSION = YES;
				GCC_WARN_ABOUT_RETURN_TYPE = YES_ERROR;
				GCC_WARN_UNDECLARED_SELECTOR = YES;
				GCC_WARN_UNINITIALIZED_AUTOS = YES_AGGRESSIVE;
				GCC_WARN_UNUSED_FUNCTION = YES;
				GCC_WARN_UNUSED_VARIABLE = YES;
				IPHONEOS_DEPLOYMENT_TARGET = 8.1;
				MTL_ENABLE_DEBUG_INFO = YES;
				ONLY_ACTIVE_ARCH = YES;
				SDKROOT = iphoneos;
				SWIFT_OPTIMIZATION_LEVEL = "-Onone";
				TARGETED_DEVICE_FAMILY = "1,2";
			};
			name = Debug;
		};
		28D7A0F41AA817F6007894F2 /* Release */ = {
			isa = XCBuildConfiguration;
			buildSettings = {
				ALWAYS_SEARCH_USER_PATHS = NO;
				CLANG_CXX_LANGUAGE_STANDARD = "gnu++0x";
				CLANG_CXX_LIBRARY = "libc++";
				CLANG_ENABLE_MODULES = YES;
				CLANG_ENABLE_OBJC_ARC = YES;
				CLANG_WARN_BOOL_CONVERSION = YES;
				CLANG_WARN_CONSTANT_CONVERSION = YES;
				CLANG_WARN_DIRECT_OBJC_ISA_USAGE = YES_ERROR;
				CLANG_WARN_EMPTY_BODY = YES;
				CLANG_WARN_ENUM_CONVERSION = YES;
				CLANG_WARN_INT_CONVERSION = YES;
				CLANG_WARN_OBJC_ROOT_CLASS = YES_ERROR;
				CLANG_WARN_UNREACHABLE_CODE = YES;
				CLANG_WARN__DUPLICATE_METHOD_MATCH = YES;
				"CODE_SIGN_IDENTITY[sdk=iphoneos*]" = "iPhone Developer";
				COPY_PHASE_STRIP = YES;
				ENABLE_NS_ASSERTIONS = NO;
				ENABLE_STRICT_OBJC_MSGSEND = YES;
				GCC_C_LANGUAGE_STANDARD = gnu99;
				GCC_WARN_64_TO_32_BIT_CONVERSION = YES;
				GCC_WARN_ABOUT_RETURN_TYPE = YES_ERROR;
				GCC_WARN_UNDECLARED_SELECTOR = YES;
				GCC_WARN_UNINITIALIZED_AUTOS = YES_AGGRESSIVE;
				GCC_WARN_UNUSED_FUNCTION = YES;
				GCC_WARN_UNUSED_VARIABLE = YES;
				IPHONEOS_DEPLOYMENT_TARGET = 8.1;
				MTL_ENABLE_DEBUG_INFO = NO;
				SDKROOT = iphoneos;
				TARGETED_DEVICE_FAMILY = "1,2";
				VALIDATE_PRODUCT = YES;
			};
			name = Release;
		};
		28D7A0F61AA817F6007894F2 /* Debug */ = {
			isa = XCBuildConfiguration;
			buildSettings = {
				ASSETCATALOG_COMPILER_APPICON_NAME = AppIcon;
				INFOPLIST_FILE = tumblrVu/Info.plist;
				LD_RUNPATH_SEARCH_PATHS = "$(inherited) @executable_path/Frameworks";
				PRODUCT_NAME = "$(TARGET_NAME)";
			};
			name = Debug;
		};
		28D7A0F71AA817F6007894F2 /* Release */ = {
			isa = XCBuildConfiguration;
			buildSettings = {
				ASSETCATALOG_COMPILER_APPICON_NAME = AppIcon;
				INFOPLIST_FILE = tumblrVu/Info.plist;
				LD_RUNPATH_SEARCH_PATHS = "$(inherited) @executable_path/Frameworks";
				PRODUCT_NAME = "$(TARGET_NAME)";
			};
			name = Release;
		};
		28D7A0F91AA817F6007894F2 /* Debug */ = {
			isa = XCBuildConfiguration;
			buildSettings = {
				BUNDLE_LOADER = "$(TEST_HOST)";
				FRAMEWORK_SEARCH_PATHS = (
					"$(SDKROOT)/Developer/Library/Frameworks",
					"$(inherited)",
				);
				GCC_PREPROCESSOR_DEFINITIONS = (
					"DEBUG=1",
					"$(inherited)",
				);
				INFOPLIST_FILE = tumblrVuTests/Info.plist;
				LD_RUNPATH_SEARCH_PATHS = "$(inherited) @executable_path/Frameworks @loader_path/Frameworks";
				PRODUCT_NAME = "$(TARGET_NAME)";
				TEST_HOST = "$(BUILT_PRODUCTS_DIR)/tumblrVu.app/tumblrVu";
			};
			name = Debug;
		};
		28D7A0FA1AA817F6007894F2 /* Release */ = {
			isa = XCBuildConfiguration;
			buildSettings = {
				BUNDLE_LOADER = "$(TEST_HOST)";
				FRAMEWORK_SEARCH_PATHS = (
					"$(SDKROOT)/Developer/Library/Frameworks",
					"$(inherited)",
				);
				INFOPLIST_FILE = tumblrVuTests/Info.plist;
				LD_RUNPATH_SEARCH_PATHS = "$(inherited) @executable_path/Frameworks @loader_path/Frameworks";
				PRODUCT_NAME = "$(TARGET_NAME)";
				TEST_HOST = "$(BUILT_PRODUCTS_DIR)/tumblrVu.app/tumblrVu";
			};
			name = Release;
		};
/* End XCBuildConfiguration section */

/* Begin XCConfigurationList section */
		28D7A0D11AA817F6007894F2 /* Build configuration list for PBXProject "tumblrVu" */ = {
			isa = XCConfigurationList;
			buildConfigurations = (
				28D7A0F31AA817F6007894F2 /* Debug */,
				28D7A0F41AA817F6007894F2 /* Release */,
			);
			defaultConfigurationIsVisible = 0;
			defaultConfigurationName = Release;
		};
		28D7A0F51AA817F6007894F2 /* Build configuration list for PBXNativeTarget "tumblrVu" */ = {
			isa = XCConfigurationList;
			buildConfigurations = (
				28D7A0F61AA817F6007894F2 /* Debug */,
				28D7A0F71AA817F6007894F2 /* Release */,
			);
			defaultConfigurationIsVisible = 0;
		};
		28D7A0F81AA817F6007894F2 /* Build configuration list for PBXNativeTarget "tumblrVuTests" */ = {
			isa = XCConfigurationList;
			buildConfigurations = (
				28D7A0F91AA817F6007894F2 /* Debug */,
				28D7A0FA1AA817F6007894F2 /* Release */,
			);
			defaultConfigurationIsVisible = 0;
		};
/* End XCConfigurationList section */
	};
	rootObject = 28D7A0CE1AA817F6007894F2 /* Project object */;
}
